
Microsoft Visual Studio Solution File, Format Version 12.00
# Visual Studio Version 17
VisualStudioVersion = 17.11.35312.102
MinimumVisualStudioVersion = 10.0.40219.1
Project("{FAE04EC0-301F-11D3-BF4B-00C04F79EFBC}") = "CrimeAnalysisAndReportingSystem", "CrimeAnalysisAndReportingSystem\CrimeAnalysisAndReportingSystem.csproj", "{9B2B6047-D7FB-4BD6-AE40-637E98173BA6}"
EndProject
Project("{FAE04EC0-301F-11D3-BF4B-00C04F79EFBC}") = "Entity", "Entity\Entity.csproj", "{2FA3EE95-57FD-483C-A9BC-B60C94F9EF4F}"
EndProject
Project("{FAE04EC0-301F-11D3-BF4B-00C04F79EFBC}") = "DAO", "DAO\DAO.csproj", "{DF670C0F-1F32-4B35-AD90-FB82458A0000}"
EndProject
Project("{FAE04EC0-301F-11D3-BF4B-00C04F79EFBC}") = "Util", "Util\Util.csproj", "{464748EF-F68E-49F6-A86C-153EE932EB4B}"
EndProject
Project("{FAE04EC0-301F-11D3-BF4B-00C04F79EFBC}") = "Exceptions", "Exceptions\Exceptions.csproj", "{2932F84E-F4EC-4624-910F-9468FC8CF404}"
EndProject
Global
	GlobalSection(SolutionConfigurationPlatforms) = preSolution
		Debug|Any CPU = Debug|Any CPU
		Release|Any CPU = Release|Any CPU
	EndGlobalSection
	GlobalSection(ProjectConfigurationPlatforms) = postSolution
		{9B2B6047-D7FB-4BD6-AE40-637E98173BA6}.Debug|Any CPU.ActiveCfg = Debug|Any CPU
		{9B2B6047-D7FB-4BD6-AE40-637E98173BA6}.Debug|Any CPU.Build.0 = Debug|Any CPU
		{9B2B6047-D7FB-4BD6-AE40-637E98173BA6}.Release|Any CPU.ActiveCfg = Release|Any CPU
		{9B2B6047-D7FB-4BD6-AE40-637E98173BA6}.Release|Any CPU.Build.0 = Release|Any CPU
		{2FA3EE95-57FD-483C-A9BC-B60C94F9EF4F}.Debug|Any CPU.ActiveCfg = Debug|Any CPU
		{2FA3EE95-57FD-483C-A9BC-B60C94F9EF4F}.Debug|Any CPU.Build.0 = Debug|Any CPU
		{2FA3EE95-57FD-483C-A9BC-B60C94F9EF4F}.Release|Any CPU.ActiveCfg = Release|Any CPU
		{2FA3EE95-57FD-483C-A9BC-B60C94F9EF4F}.Release|Any CPU.Build.0 = Release|Any CPU
		{DF670C0F-1F32-4B35-AD90-FB82458A0000}.Debug|Any CPU.ActiveCfg = Debug|Any CPU
		{DF670C0F-1F32-4B35-AD90-FB82458A0000}.Debug|Any CPU.Build.0 = Debug|Any CPU
		{DF670C0F-1F32-4B35-AD90-FB82458A0000}.Release|Any CPU.ActiveCfg = Release|Any CPU
		{DF670C0F-1F32-4B35-AD90-FB82458A0000}.Release|Any CPU.Build.0 = Release|Any CPU
		{464748EF-F68E-49F6-A86C-153EE932EB4B}.Debug|Any CPU.ActiveCfg = Debug|Any CPU
		{464748EF-F68E-49F6-A86C-153EE932EB4B}.Debug|Any CPU.Build.0 = Debug|Any CPU
		{464748EF-F68E-49F6-A86C-153EE932EB4B}.Release|Any CPU.ActiveCfg = Release|Any CPU
		{464748EF-F68E-49F6-A86C-153EE932EB4B}.Release|Any CPU.Build.0 = Release|Any CPU
		{2932F84E-F4EC-4624-910F-9468FC8CF404}.Debug|Any CPU.ActiveCfg = Debug|Any CPU
		{2932F84E-F4EC-4624-910F-9468FC8CF404}.Debug|Any CPU.Build.0 = Debug|Any CPU
		{2932F84E-F4EC-4624-910F-9468FC8CF404}.Release|Any CPU.ActiveCfg = Release|Any CPU
		{2932F84E-F4EC-4624-910F-9468FC8CF404}.Release|Any CPU.Build.0 = Release|Any CPU
	EndGlobalSection
	GlobalSection(SolutionProperties) = preSolution
		HideSolutionNode = FALSE
	EndGlobalSection
	GlobalSection(ExtensibilityGlobals) = postSolution
		SolutionGuid = {39FDBED9-46E3-4BEE-A029-59E00B3F6D80}
	EndGlobalSection
EndGlobal
